#MicroXplorer Configuration settings - do not modify
CAD.formats=
CAD.pinconfig=
CAD.provider=
Dma.Request0=USART2_RX
Dma.RequestsNb=1
Dma.USART2_RX.0.Direction=DMA_PERIPH_TO_MEMORY
Dma.USART2_RX.0.Instance=DMA1_Channel5
Dma.USART2_RX.0.MemDataAlignment=DMA_MDATAALIGN_BYTE
Dma.USART2_RX.0.MemInc=DMA_MINC_ENABLE
Dma.USART2_RX.0.Mode=DMA_CIRCULAR
Dma.USART2_RX.0.PeriphDataAlignment=DMA_PDATAALIGN_BYTE
Dma.USART2_RX.0.PeriphInc=DMA_PINC_DISABLE
Dma.USART2_RX.0.Priority=DMA_PRIORITY_LOW
Dma.USART2_RX.0.RequestParameters=Instance,Direction,PeriphInc,MemInc,PeriphDataAlignment,MemDataAlignment,Mode,Priority
FREERTOS.FootprintOK=true
FREERTOS.INCLUDE_vTaskDelayUntil=1
FREERTOS.IPParameters=Tasks01,configMINIMAL_STACK_SIZE,configTOTAL_HEAP_SIZE,configCHECK_FOR_STACK_OVERFLOW,configGENERATE_RUN_TIME_STATS,configUSE_TRACE_FACILITY,configUSE_STATS_FORMATTING_FUNCTIONS,configUSE_TIMERS,INCLUDE_vTaskDelayUntil,FootprintOK
FREERTOS.Tasks01=mainTask,2,512,mainTaskFunction,As weak,NULL,Dynamic,NULL,NULL;printTaskName,-2,128,printTask,As external,NULL,Dynamic,NULL,NULL;watchDogTaskNam,3,160,watchdogTask,As external,NULL,Dynamic,NULL,NULL;fetControlTaskN,0,128,fetControlTask,As external,NULL,Dynamic,NULL,NULL;temperature,0,256,temperatureTask,As external,NULL,Dynamic,NULL,NULL
FREERTOS.configCHECK_FOR_STACK_OVERFLOW=2
FREERTOS.configGENERATE_RUN_TIME_STATS=1
FREERTOS.configMINIMAL_STACK_SIZE=64
FREERTOS.configTOTAL_HEAP_SIZE=10000
FREERTOS.configUSE_STATS_FORMATTING_FUNCTIONS=1
FREERTOS.configUSE_TIMERS=1
FREERTOS.configUSE_TRACE_FACILITY=1
File.Version=6
GPIO.groupedBy=Group By Peripherals
I2C1.Analog_Filter=I2C_ANALOGFILTER_ENABLE
I2C1.IPParameters=Analog_Filter
I2C2.IPParameters=Timing
I2C2.Timing=0x20303E5D
IWDG.IPParameters=Reload
IWDG.Reload=400
KeepUserPlacement=false
Mcu.CPN=STM32F072RBT6
Mcu.Family=STM32F0
Mcu.IP0=DMA
Mcu.IP1=FREERTOS
Mcu.IP10=USART2
Mcu.IP2=I2C1
Mcu.IP3=I2C2
Mcu.IP4=IWDG
Mcu.IP5=NVIC
Mcu.IP6=RCC
Mcu.IP7=SPI1
Mcu.IP8=SYS
Mcu.IP9=TIM2
Mcu.IPNb=11
Mcu.Name=STM32F072R(8-B)Tx
Mcu.Package=LQFP64
Mcu.Pin0=PF0-OSC_IN
Mcu.Pin1=PF1-OSC_OUT
Mcu.Pin10=PC7
Mcu.Pin11=PB8
Mcu.Pin12=PB9
Mcu.Pin13=VP_FREERTOS_VS_CMSIS_V1
Mcu.Pin14=VP_IWDG_VS_IWDG
Mcu.Pin15=VP_SYS_VS_Systick
Mcu.Pin16=VP_TIM2_VS_ClockSourceINT
Mcu.Pin2=PA0
Mcu.Pin3=PA2
Mcu.Pin4=PA3
Mcu.Pin5=PA5
Mcu.Pin6=PA6
Mcu.Pin7=PA7
Mcu.Pin8=PB10
Mcu.Pin9=PB11
Mcu.PinsNb=17
Mcu.ThirdPartyNb=0
Mcu.UserConstants=
Mcu.UserName=STM32F072RBTx
MxCube.Version=6.6.1
MxDb.Version=DB.6.0.60
NVIC.DMA1_Channel4_5_6_7_IRQn=true\:3\:0\:false\:false\:true\:true\:false\:true\:true
NVIC.ForceEnableDMAVector=true
NVIC.HardFault_IRQn=true\:0\:0\:false\:false\:true\:false\:false\:false\:false
NVIC.NonMaskableInt_IRQn=true\:0\:0\:false\:false\:true\:false\:false\:false\:false
NVIC.PendSV_IRQn=true\:3\:0\:false\:false\:false\:true\:false\:false\:false
NVIC.SVC_IRQn=true\:0\:0\:false\:false\:false\:false\:false\:false\:true
NVIC.SavedPendsvIrqHandlerGenerated=true
NVIC.SavedSvcallIrqHandlerGenerated=true
NVIC.SavedSystickIrqHandlerGenerated=true
NVIC.SysTick_IRQn=true\:3\:0\:false\:false\:true\:true\:false\:true\:false
NVIC.USART2_IRQn=true\:3\:0\:false\:false\:true\:true\:true\:true\:true
PA0.GPIOParameters=GPIO_Speed,GPIO_Label
PA0.GPIO_Label=FET_GATE
PA0.GPIO_Speed=GPIO_SPEED_FREQ_HIGH
PA0.Signal=S_TIM2_CH1_ETR
PA2.Locked=true
PA2.Mode=Asynchronous
PA2.Signal=USART2_TX
PA3.Locked=true
PA3.Mode=Asynchronous
PA3.Signal=USART2_RX
PA5.GPIOParameters=GPIO_Label
PA5.GPIO_Label=ISO_ADC_CLK
PA5.Mode=Full_Duplex_Master
PA5.Signal=SPI1_SCK
PA6.GPIOParameters=GPIO_Label
PA6.GPIO_Label=ISO_ADC_MISO
PA6.Mode=Full_Duplex_Master
PA6.Signal=SPI1_MISO
PA7.GPIOParameters=GPIO_Label
PA7.GPIO_Label=ISO_ADC_MOSI
PA7.Mode=Full_Duplex_Master
PA7.Signal=SPI1_MOSI
PB10.Mode=I2C
PB10.Signal=I2C2_SCL
PB11.Mode=I2C
PB11.Signal=I2C2_SDA
PB8.Locked=true
PB8.Mode=I2C
PB8.Signal=I2C1_SCL
PB9.Locked=true
PB9.Mode=I2C
PB9.Signal=I2C1_SDA
PC7.GPIOParameters=GPIO_Speed,PinState,GPIO_PuPd,GPIO_Label
PC7.GPIO_Label=ISO_ADC_CS
PC7.GPIO_PuPd=GPIO_PULLUP
PC7.GPIO_Speed=GPIO_SPEED_FREQ_HIGH
PC7.Locked=true
PC7.PinState=GPIO_PIN_SET
PC7.Signal=GPIO_Output
PF0-OSC_IN.Mode=HSE-External-Oscillator
PF0-OSC_IN.Signal=RCC_OSC_IN
PF1-OSC_OUT.Mode=HSE-External-Oscillator
PF1-OSC_OUT.Signal=RCC_OSC_OUT
PinOutPanel.RotationAngle=0
ProjectManager.AskForMigrate=true
ProjectManager.BackupPrevious=false
ProjectManager.CompilerOptimize=6
ProjectManager.ComputerToolchain=false
ProjectManager.CoupleFile=true
ProjectManager.CustomerFirmwarePackage=
ProjectManager.DefaultFWLocation=true
ProjectManager.DeletePrevious=true
ProjectManager.DeviceId=STM32F072RBTx
ProjectManager.FirmwarePackage=STM32Cube FW_F0 V1.11.4
ProjectManager.FreePins=false
ProjectManager.HalAssertFull=true
ProjectManager.HeapSize=0x200
ProjectManager.KeepUserCode=true
ProjectManager.LastFirmware=true
ProjectManager.LibraryCopy=1
ProjectManager.MainLocation=Src
ProjectManager.NoMain=false
ProjectManager.PreviousToolchain=
ProjectManager.ProjectBuild=false
ProjectManager.ProjectFileName=cellTester.ioc
ProjectManager.ProjectName=cellTester
ProjectManager.RegisterCallBack=
ProjectManager.StackSize=0x400
ProjectManager.TargetToolchain=STM32CubeIDE
ProjectManager.ToolChainLocation=
ProjectManager.UnderRoot=false
ProjectManager.functionlistsort=1-SystemClock_Config-RCC-false-HAL-false,2-MX_GPIO_Init-GPIO-false-HAL-true,3-MX_DMA_Init-DMA-false-HAL-true,4-MX_USART2_UART_Init-USART2-false-HAL-true,5-MX_IWDG_Init-IWDG-false-HAL-true,6-MX_I2C1_Init-I2C1-false-HAL-true,7-MX_I2C2_Init-I2C2-false-HAL-true,8-MX_SPI1_Init-SPI1-false-HAL-true,9-MX_TIM1_Init-TIM1-false-HAL-true,9-MX_TIM2_Init-TIM2-false-HAL-true
RCC.AHBFreq_Value=48000000
RCC.APB1Freq_Value=48000000
RCC.APB1TimFreq_Value=48000000
RCC.CECFreq_Value=32786.88524590164
RCC.FCLKCortexFreq_Value=48000000
RCC.FamilyName=M
RCC.HCLKFreq_Value=48000000
RCC.HSE_VALUE=32000000
RCC.HSICECFreq_Value=32786.88524590164
RCC.I2SFreq_Value=48000000
RCC.IPParameters=AHBFreq_Value,APB1Freq_Value,APB1TimFreq_Value,CECFreq_Value,FCLKCortexFreq_Value,FamilyName,HCLKFreq_Value,HSE_VALUE,HSICECFreq_Value,I2SFreq_Value,MCOFreq_Value,PLLCLKFreq_Value,PLLDivider,PLLMCOFreq_Value,PLLMUL,PLLSourceVirtual,SYSCLKFreq_VALUE,SYSCLKSource,TimSysFreq_Value,USART1Freq_Value,USART2Freq_Value,VCOOutput2Freq_Value
RCC.MCOFreq_Value=48000000
RCC.PLLCLKFreq_Value=48000000
RCC.PLLDivider=RCC_PREDIV_DIV2
RCC.PLLMCOFreq_Value=48000000
RCC.PLLMUL=RCC_PLL_MUL3
RCC.PLLSourceVirtual=RCC_PLLSOURCE_HSE
RCC.SYSCLKFreq_VALUE=48000000
RCC.SYSCLKSource=RCC_SYSCLKSOURCE_PLLCLK
RCC.TimSysFreq_Value=48000000
RCC.USART1Freq_Value=48000000
RCC.USART2Freq_Value=48000000
RCC.VCOOutput2Freq_Value=16000000
SH.S_TIM2_CH1_ETR.0=TIM2_CH1,PWM Generation1 CH1
SH.S_TIM2_CH1_ETR.ConfNb=1
SPI1.BaudRatePrescaler=SPI_BAUDRATEPRESCALER_64
SPI1.CLKPhase=SPI_PHASE_2EDGE
SPI1.CLKPolarity=SPI_POLARITY_HIGH
SPI1.CalculateBaudRate=750.0 KBits/s
SPI1.DataSize=SPI_DATASIZE_8BIT
SPI1.Direction=SPI_DIRECTION_2LINES
SPI1.IPParameters=VirtualType,Mode,Direction,BaudRatePrescaler,CalculateBaudRate,DataSize,CLKPolarity,CLKPhase
SPI1.Mode=SPI_MODE_MASTER
SPI1.VirtualType=VM_MASTER
TIM2.Channel-PWM\ Generation1\ CH1=TIM_CHANNEL_1
TIM2.IPParameters=Channel-PWM Generation1 CH1,Period,OCFastMode_PWM-PWM Generation1 CH1,Prescaler
TIM2.OCFastMode_PWM-PWM\ Generation1\ CH1=TIM_OCFAST_ENABLE
TIM2.Period=23999
TIM2.Prescaler=7
USART2.BaudRate=230400
USART2.IPParameters=VirtualMode-Asynchronous,BaudRate
USART2.VirtualMode-Asynchronous=VM_ASYNC
VP_FREERTOS_VS_CMSIS_V1.Mode=CMSIS_V1
VP_FREERTOS_VS_CMSIS_V1.Signal=FREERTOS_VS_CMSIS_V1
VP_IWDG_VS_IWDG.Mode=IWDG_Activate
VP_IWDG_VS_IWDG.Signal=IWDG_VS_IWDG
VP_SYS_VS_Systick.Mode=SysTick
VP_SYS_VS_Systick.Signal=SYS_VS_Systick
VP_TIM2_VS_ClockSourceINT.Mode=Internal
VP_TIM2_VS_ClockSourceINT.Signal=TIM2_VS_ClockSourceINT
board=custom
isbadioc=false
